
Microsoft Visual Studio Solution File, Format Version 12.00
# Visual Studio Version 17
VisualStudioVersion = 17.11.35312.102
MinimumVisualStudioVersion = 10.0.40219.1
Project("{FAE04EC0-301F-11D3-BF4B-00C04F79EFBC}") = "PracticeTest16oct", "PracticeTest16oct\PracticeTest16oct.csproj", "{06D4A5F4-39BA-4F95-9B4E-DCBFB4C7BC22}"
EndProject
Global
	GlobalSection(SolutionConfigurationPlatforms) = preSolution
		Debug|Any CPU = Debug|Any CPU
		Release|Any CPU = Release|Any CPU
	EndGlobalSection
	GlobalSection(ProjectConfigurationPlatforms) = postSolution
		{06D4A5F4-39BA-4F95-9B4E-DCBFB4C7BC22}.Debug|Any CPU.ActiveCfg = Debug|Any CPU
		{06D4A5F4-39BA-4F95-9B4E-DCBFB4C7BC22}.Debug|Any CPU.Build.0 = Debug|Any CPU
		{06D4A5F4-39BA-4F95-9B4E-DCBFB4C7BC22}.Release|Any CPU.ActiveCfg = Release|Any CPU
		{06D4A5F4-39BA-4F95-9B4E-DCBFB4C7BC22}.Release|Any CPU.Build.0 = Release|Any CPU
	EndGlobalSection
	GlobalSection(SolutionProperties) = preSolution
		HideSolutionNode = FALSE
	EndGlobalSection
	GlobalSection(ExtensibilityGlobals) = postSolution
		SolutionGuid = {D5482823-2526-4FFB-8EED-52ACA275FCF2}
	EndGlobalSection
EndGlobal
